{
  "name": "PrivChatCocosDemo",
  "lockfileVersion": 3,
  "requires": true,
  "packages": {
    "": {
      "name": "PrivChatCocosDemo",
      "dependencies": {
        "@privchat/cocos": "file:../privchat-cocos",
        "@privchat/sdk": "file:../privchat-sdk-typescript"
      }
    },
    "../privchat-cocos": {
      "name": "@privchat/cocos",
      "version": "0.1.0-alpha.0",
      "license": "Apache-2.0",
      "devDependencies": {
        "@privchat/sdk": "file:../privchat-sdk-typescript",
        "@types/node": "^20.11.0",
        "typescript": "^5.4.0",
        "vitest": "^1.6.0"
      },
      "engines": {
        "node": ">=18"
      },
      "peerDependencies": {
        "@privchat/sdk": "*",
        "cc": "*"
      },
      "peerDependenciesMeta": {
        "cc": {
          "optional": false
        }
      }
    },
    "../privchat-sdk-typescript": {
      "name": "@privchat/sdk",
      "version": "0.1.0-alpha.0",
      "license": "Apache-2.0",
      "dependencies": {
        "flatbuffers": "^24.3.25"
      },
      "devDependencies": {
        "@msgtrans/client": "file:../msgtrans-typescript",
        "@types/node": "^20.11.0",
        "tsx": "^4.21.0",
        "typescript": "^5.4.0",
        "vitest": "^1.6.0"
      },
      "engines": {
        "node": ">=18"
      },
      "peerDependencies": {
        "@msgtrans/client": "^0.1.0-beta.0"
      }
    },
    "node_modules/@privchat/cocos": {
      "resolved": "../privchat-cocos",
      "link": true
    },
    "node_modules/@privchat/sdk": {
      "resolved": "../privchat-sdk-typescript",
      "link": true
    }
  }
}
